
Microsoft Visual Studio Solution File, Format Version 12.00
# Visual Studio Version 16
VisualStudioVersion = 16.0.30523.141
MinimumVisualStudioVersion = 10.0.40219.1
Project("{FAE04EC0-301F-11D3-BF4B-00C04F79EFBC}") = "MyfirstApp", "MyfirstApp\MyfirstApp.csproj", "{7DDB2121-DF4C-4345-8027-50207F97F0C0}"
EndProject
Global
	GlobalSection(SolutionConfigurationPlatforms) = preSolution
		Debug|Any CPU = Debug|Any CPU
		Release|Any CPU = Release|Any CPU
	EndGlobalSection
	GlobalSection(ProjectConfigurationPlatforms) = postSolution
		{7DDB2121-DF4C-4345-8027-50207F97F0C0}.Debug|Any CPU.ActiveCfg = Debug|Any CPU
		{7DDB2121-DF4C-4345-8027-50207F97F0C0}.Debug|Any CPU.Build.0 = Debug|Any CPU
		{7DDB2121-DF4C-4345-8027-50207F97F0C0}.Release|Any CPU.ActiveCfg = Release|Any CPU
		{7DDB2121-DF4C-4345-8027-50207F97F0C0}.Release|Any CPU.Build.0 = Release|Any CPU
	EndGlobalSection
	GlobalSection(SolutionProperties) = preSolution
		HideSolutionNode = FALSE
	EndGlobalSection
	GlobalSection(ExtensibilityGlobals) = postSolution
		SolutionGuid = {017EF365-9559-45B6-9068-C4E2A5D20910}
	EndGlobalSection
EndGlobal
